
Microsoft Visual Studio Solution File, Format Version 12.00
# Visual Studio Version 16
VisualStudioVersion = 16.0.29806.167
MinimumVisualStudioVersion = 10.0.40219.1
Project("{FAE04EC0-301F-11D3-BF4B-00C04F79EFBC}") = "Gold Badge Challenge", "Gold Badge Challenge\Gold Badge Challenge.csproj", "{158E4E96-44F2-43BC-A503-9A830C8C7C50}"
EndProject
Global
	GlobalSection(SolutionConfigurationPlatforms) = preSolution
		Debug|Any CPU = Debug|Any CPU
		Release|Any CPU = Release|Any CPU
	EndGlobalSection
	GlobalSection(ProjectConfigurationPlatforms) = postSolution
		{158E4E96-44F2-43BC-A503-9A830C8C7C50}.Debug|Any CPU.ActiveCfg = Debug|Any CPU
		{158E4E96-44F2-43BC-A503-9A830C8C7C50}.Debug|Any CPU.Build.0 = Debug|Any CPU
		{158E4E96-44F2-43BC-A503-9A830C8C7C50}.Release|Any CPU.ActiveCfg = Release|Any CPU
		{158E4E96-44F2-43BC-A503-9A830C8C7C50}.Release|Any CPU.Build.0 = Release|Any CPU
	EndGlobalSection
	GlobalSection(SolutionProperties) = preSolution
		HideSolutionNode = FALSE
	EndGlobalSection
	GlobalSection(ExtensibilityGlobals) = postSolution
		SolutionGuid = {F11DE41A-4E12-44AD-830F-06D3D9F2C51C}
	EndGlobalSection
EndGlobal
